
Microsoft Visual Studio Solution File, Format Version 12.00
# Visual Studio Version 17
VisualStudioVersion = 17.3.32929.385
MinimumVisualStudioVersion = 10.0.40219.1
Project("{FAE04EC0-301F-11D3-BF4B-00C04F79EFBC}") = "Server", "Server.csproj", "{3F186347-D58D-4A65-A510-56D879472B72}"
EndProject
Global
	GlobalSection(SolutionConfigurationPlatforms) = preSolution
		Debug|Any CPU = Debug|Any CPU
		Release|Any CPU = Release|Any CPU
	EndGlobalSection
	GlobalSection(ProjectConfigurationPlatforms) = postSolution
		{3F186347-D58D-4A65-A510-56D879472B72}.Debug|Any CPU.ActiveCfg = Debug|Any CPU
		{3F186347-D58D-4A65-A510-56D879472B72}.Debug|Any CPU.Build.0 = Debug|Any CPU
		{3F186347-D58D-4A65-A510-56D879472B72}.Release|Any CPU.ActiveCfg = Release|Any CPU
		{3F186347-D58D-4A65-A510-56D879472B72}.Release|Any CPU.Build.0 = Release|Any CPU
	EndGlobalSection
	GlobalSection(SolutionProperties) = preSolution
		HideSolutionNode = FALSE
	EndGlobalSection
	GlobalSection(ExtensibilityGlobals) = postSolution
		SolutionGuid = {97AE05DA-0D68-458D-A85B-F689F3B1FEBA}
	EndGlobalSection
EndGlobal
